
Microsoft Visual Studio Solution File, Format Version 12.00
# Visual Studio Version 17
VisualStudioVersion = 17.0.31903.59
MinimumVisualStudioVersion = 10.0.40219.1
Project("{2150E333-8FDC-42A3-9474-1A3956D46DE8}") = "WIFI_PC", "WIFI_PC", "{56668048-EDDB-4536-9848-5B5D8C51621F}"
EndProject
Project("{FAE04EC0-301F-11D3-BF4B-00C04F79EFBC}") = "WIFI_PC", "WIFI_PC\WIFI_PC\WIFI_PC.csproj", "{B4835232-6DD6-477A-9E85-C78237FF8518}"
EndProject
Global
	GlobalSection(SolutionConfigurationPlatforms) = preSolution
		Debug|Any CPU = Debug|Any CPU
		Release|Any CPU = Release|Any CPU
	EndGlobalSection
	GlobalSection(SolutionProperties) = preSolution
		HideSolutionNode = FALSE
	EndGlobalSection
	GlobalSection(ProjectConfigurationPlatforms) = postSolution
		{B4835232-6DD6-477A-9E85-C78237FF8518}.Debug|Any CPU.ActiveCfg = Debug|Any CPU
		{B4835232-6DD6-477A-9E85-C78237FF8518}.Debug|Any CPU.Build.0 = Debug|Any CPU
		{B4835232-6DD6-477A-9E85-C78237FF8518}.Release|Any CPU.ActiveCfg = Release|Any CPU
		{B4835232-6DD6-477A-9E85-C78237FF8518}.Release|Any CPU.Build.0 = Release|Any CPU
	EndGlobalSection
	GlobalSection(NestedProjects) = preSolution
		{B4835232-6DD6-477A-9E85-C78237FF8518} = {56668048-EDDB-4536-9848-5B5D8C51621F}
	EndGlobalSection
EndGlobal
